<?xml version="1.0" encoding="utf-8"?>
<Project ToolsVersion="4.0" xmlns="http://schemas.microsoft.com/developer/msbuild/2003">
  <ItemGroup>
    <Filter Include="ソース ファイル">
      <UniqueIdentifier>{4FC737F1-C7A5-4376-A066-2A32D752A2FF}</UniqueIdentifier>
      <Extensions>cpp;c;cc;cxx;def;odl;idl;hpj;bat;asm;asmx</Extensions>
    </Filter>
    <Filter Include="ヘッダー ファイル">
      <UniqueIdentifier>{93995380-89BD-4b04-88EB-625FBE52EBFB}</UniqueIdentifier>
      <Extensions>h;hh;hpp;hxx;hm;inl;inc;xsd</Extensions>
    </Filter>
    <Filter Include="リソース ファイル">
      <UniqueIdentifier>{67DA6AB6-F800-4c08-8B7A-83BB121AAD01}</UniqueIdentifier>
      <Extensions>rc;ico;cur;bmp;dlg;rc2;rct;bin;rgs;gif;jpg;jpeg;jpe;resx;tiff;tif;png;wav;mfcribbon-ms</Extensions>
    </Filter>
    <Filter Include="control">
      <UniqueIdentifier>{a198c4fb-e2bc-4770-9fc4-68188fc440ec}</UniqueIdentifier>
    </Filter>
    <Filter Include="render">
      <UniqueIdentifier>{d5265586-1274-4582-8896-0b82ba696c2d}</UniqueIdentifier>
    </Filter>
  </ItemGroup>
  <ItemGroup>
    <ClCompile Include="main.cpp">
      <Filter>ソース ファイル</Filter>
    </ClCompile>
    <ClCompile Include="Control.cpp">
      <Filter>control</Filter>
    </ClCompile>
    <ClCompile Include="Ammo.cpp">
      <Filter>control</Filter>
    </ClCompile>
    <ClCompile Include="Player.cpp">
      <Filter>control</Filter>
    </ClCompile>
    <ClCompile Include="Render.cpp">
      <Filter>render</Filter>
    </ClCompile>
    <ClCompile Include="MapRender.cpp">
      <Filter>render</Filter>
    </ClCompile>
    <ClCompile Include="BackgroundRender.cpp">
      <Filter>render</Filter>
    </ClCompile>
  </ItemGroup>
  <ItemGroup>
    <ClInclude Include="Control.h">
      <Filter>control</Filter>
    </ClInclude>
    <ClInclude Include="Ammo.h">
      <Filter>control</Filter>
    </ClInclude>
    <ClInclude Include="Render.h">
      <Filter>render</Filter>
    </ClInclude>
    <ClInclude Include="Player.h">
      <Filter>control</Filter>
    </ClInclude>
    <ClInclude Include="MapRender.h">
      <Filter>render</Filter>
    </ClInclude>
    <ClInclude Include="BackgroundRender.h">
      <Filter>render</Filter>
    </ClInclude>
  </ItemGroup>
</Project>